// !$*UTF8*$!
{
	archiveVersion = 1;
	classes = {
	};
	objectVersion = 46;
	objects = {

/* Begin PBXBuildFile section */
		CD021EA71CD48DCB009DF24D /* AppDelegate.swift in Sources */ = {isa = PBXBuildFile; fileRef = CD021EA61CD48DCB009DF24D /* AppDelegate.swift */; };
		CD021EA91CD48DCB009DF24D /* ViewController.swift in Sources */ = {isa = PBXBuildFile; fileRef = CD021EA81CD48DCB009DF24D /* ViewController.swift */; };
		CD021EAC1CD48DCB009DF24D /* Main.storyboard in Resources */ = {isa = PBXBuildFile; fileRef = CD021EAA1CD48DCB009DF24D /* Main.storyboard */; };
		CD021EAE1CD48DCB009DF24D /* Assets.xcassets in Resources */ = {isa = PBXBuildFile; fileRef = CD021EAD1CD48DCB009DF24D /* Assets.xcassets */; };
		CD021EB11CD48DCB009DF24D /* LaunchScreen.storyboard in Resources */ = {isa = PBXBuildFile; fileRef = CD021EAF1CD48DCB009DF24D /* LaunchScreen.storyboard */; };
		CD021EBC1CD48DCC009DF24D /* WeatherTests.swift in Sources */ = {isa = PBXBuildFile; fileRef = CD021EBB1CD48DCC009DF24D /* WeatherTests.swift */; };
		CD021EC71CD48DCC009DF24D /* WeatherUITests.swift in Sources */ = {isa = PBXBuildFile; fileRef = CD021EC61CD48DCC009DF24D /* WeatherUITests.swift */; };
		CD021ED71CD4B09A009DF24D /* weatherTableViewCell.swift in Sources */ = {isa = PBXBuildFile; fileRef = CD021ED61CD4B09A009DF24D /* weatherTableViewCell.swift */; };
		CD021ED91CD4B2FB009DF24D /* weatherTableViewController.swift in Sources */ = {isa = PBXBuildFile; fileRef = CD021ED81CD4B2FB009DF24D /* weatherTableViewController.swift */; };
/* End PBXBuildFile section */

/* Begin PBXContainerItemProxy section */
		CD021EB81CD48DCC009DF24D /* PBXContainerItemProxy */ = {
			isa = PBXContainerItemProxy;
			containerPortal = CD021E9B1CD48DCB009DF24D /* Project object */;
			proxyType = 1;
			remoteGlobalIDString = CD021EA21CD48DCB009DF24D;
			remoteInfo = Weather;
		};
		CD021EC31CD48DCC009DF24D /* PBXContainerItemProxy */ = {
			isa = PBXContainerItemProxy;
			containerPortal = CD021E9B1CD48DCB009DF24D /* Project object */;
			proxyType = 1;
			remoteGlobalIDString = CD021EA21CD48DCB009DF24D;
			remoteInfo = Weather;
		};
/* End PBXContainerItemProxy section */

/* Begin PBXFileReference section */
		CD021EA31CD48DCB009DF24D /* Weather.app */ = {isa = PBXFileReference; explicitFileType = wrapper.application; includeInIndex = 0; path = Weather.app; sourceTree = BUILT_PRODUCTS_DIR; };
		CD021EA61CD48DCB009DF24D /* AppDelegate.swift */ = {isa = PBXFileReference; lastKnownFileType = sourcecode.swift; path = AppDelegate.swift; sourceTree = "<group>"; };
		CD021EA81CD48DCB009DF24D /* ViewController.swift */ = {isa = PBXFileReference; lastKnownFileType = sourcecode.swift; path = ViewController.swift; sourceTree = "<group>"; };
		CD021EAB1CD48DCB009DF24D /* Base */ = {isa = PBXFileReference; lastKnownFileType = file.storyboard; name = Base; path = Base.lproj/Main.storyboard; sourceTree = "<group>"; };
		CD021EAD1CD48DCB009DF24D /* Assets.xcassets */ = {isa = PBXFileReference; lastKnownFileType = folder.assetcatalog; path = Assets.xcassets; sourceTree = "<group>"; };
		CD021EB01CD48DCB009DF24D /* Base */ = {isa = PBXFileReference; lastKnownFileType = file.storyboard; name = Base; path = Base.lproj/LaunchScreen.storyboard; sourceTree = "<group>"; };
		CD021EB21CD48DCB009DF24D /* Info.plist */ = {isa = PBXFileReference; lastKnownFileType = text.plist.xml; path = Info.plist; sourceTree = "<group>"; };
		CD021EB71CD48DCC009DF24D /* WeatherTests.xctest */ = {isa = PBXFileReference; explicitFileType = wrapper.cfbundle; includeInIndex = 0; path = WeatherTests.xctest; sourceTree = BUILT_PRODUCTS_DIR; };
		CD021EBB1CD48DCC009DF24D /* WeatherTests.swift */ = {isa = PBXFileReference; lastKnownFileType = sourcecode.swift; path = WeatherTests.swift; sourceTree = "<group>"; };
		CD021EBD1CD48DCC009DF24D /* Info.plist */ = {isa = PBXFileReference; lastKnownFileType = text.plist.xml; path = Info.plist; sourceTree = "<group>"; };
		CD021EC21CD48DCC009DF24D /* WeatherUITests.xctest */ = {isa = PBXFileReference; explicitFileType = wrapper.cfbundle; includeInIndex = 0; path = WeatherUITests.xctest; sourceTree = BUILT_PRODUCTS_DIR; };
		CD021EC61CD48DCC009DF24D /* WeatherUITests.swift */ = {isa = PBXFileReference; lastKnownFileType = sourcecode.swift; path = WeatherUITests.swift; sourceTree = "<group>"; };
		CD021EC81CD48DCC009DF24D /* Info.plist */ = {isa = PBXFileReference; lastKnownFileType = text.plist.xml; path = Info.plist; sourceTree = "<group>"; };
		CD021ED61CD4B09A009DF24D /* weatherTableViewCell.swift */ = {isa = PBXFileReference; fileEncoding = 4; lastKnownFileType = sourcecode.swift; path = weatherTableViewCell.swift; sourceTree = "<group>"; };
		CD021ED81CD4B2FB009DF24D /* weatherTableViewController.swift */ = {isa = PBXFileReference; fileEncoding = 4; lastKnownFileType = sourcecode.swift; path = weatherTableViewController.swift; sourceTree = "<group>"; };
/* End PBXFileReference section */

/* Begin PBXFrameworksBuildPhase section */
		CD021EA01CD48DCB009DF24D /* Frameworks */ = {
			isa = PBXFrameworksBuildPhase;
			buildActionMask = 2147483647;
			files = (
			);
			runOnlyForDeploymentPostprocessing = 0;
		};
		CD021EB41CD48DCC009DF24D /* Frameworks */ = {
			isa = PBXFrameworksBuildPhase;
			buildActionMask = 2147483647;
			files = (
			);
			runOnlyForDeploymentPostprocessing = 0;
		};
		CD021EBF1CD48DCC009DF24D /* Frameworks */ = {
			isa = PBXFrameworksBuildPhase;
			buildActionMask = 2147483647;
			files = (
			);
			runOnlyForDeploymentPostprocessing = 0;
		};
/* End PBXFrameworksBuildPhase section */

/* Begin PBXGroup section */
		CD021E9A1CD48DCB009DF24D = {
			isa = PBXGroup;
			children = (
				CD021ED61CD4B09A009DF24D /* weatherTableViewCell.swift */,
				CD021ED81CD4B2FB009DF24D /* weatherTableViewController.swift */,
				CD021EA51CD48DCB009DF24D /* Weather */,
				CD021EBA1CD48DCC009DF24D /* WeatherTests */,
				CD021EC51CD48DCC009DF24D /* WeatherUITests */,
				CD021EA41CD48DCB009DF24D /* Products */,
			);
			sourceTree = "<group>";
		};
		CD021EA41CD48DCB009DF24D /* Products */ = {
			isa = PBXGroup;
			children = (
				CD021EA31CD48DCB009DF24D /* Weather.app */,
				CD021EB71CD48DCC009DF24D /* WeatherTests.xctest */,
				CD021EC21CD48DCC009DF24D /* WeatherUITests.xctest */,
			);
			name = Products;
			sourceTree = "<group>";
		};
		CD021EA51CD48DCB009DF24D /* Weather */ = {
			isa = PBXGroup;
			children = (
				CD021EA61CD48DCB009DF24D /* AppDelegate.swift */,
				CD021EA81CD48DCB009DF24D /* ViewController.swift */,
				CD021EAA1CD48DCB009DF24D /* Main.storyboard */,
				CD021EAD1CD48DCB009DF24D /* Assets.xcassets */,
				CD021EAF1CD48DCB009DF24D /* LaunchScreen.storyboard */,
				CD021EB21CD48DCB009DF24D /* Info.plist */,
			);
			path = Weather;
			sourceTree = "<group>";
		};
		CD021EBA1CD48DCC009DF24D /* WeatherTests */ = {
			isa = PBXGroup;
			children = (
				CD021EBB1CD48DCC009DF24D /* WeatherTests.swift */,
				CD021EBD1CD48DCC009DF24D /* Info.plist */,
			);
			path = WeatherTests;
			sourceTree = "<group>";
		};
		CD021EC51CD48DCC009DF24D /* WeatherUITests */ = {
			isa = PBXGroup;
			children = (
				CD021EC61CD48DCC009DF24D /* WeatherUITests.swift */,
				CD021EC81CD48DCC009DF24D /* Info.plist */,
			);
			path = WeatherUITests;
			sourceTree = "<group>";
		};
/* End PBXGroup section */

/* Begin PBXNativeTarget section */
		CD021EA21CD48DCB009DF24D /* Weather */ = {
			isa = PBXNativeTarget;
			buildConfigurationList = CD021ECB1CD48DCC009DF24D /* Build configuration list for PBXNativeTarget "Weather" */;
			buildPhases = (
				CD021E9F1CD48DCB009DF24D /* Sources */,
				CD021EA01CD48DCB009DF24D /* Frameworks */,
				CD021EA11CD48DCB009DF24D /* Resources */,
			);
			buildRules = (
			);
			dependencies = (
			);
			name = Weather;
			productName = Weather;
			productReference = CD021EA31CD48DCB009DF24D /* Weather.app */;
			productType = "com.apple.product-type.application";
		};
		CD021EB61CD48DCC009DF24D /* WeatherTests */ = {
			isa = PBXNativeTarget;
			buildConfigurationList = CD021ECE1CD48DCC009DF24D /* Build configuration list for PBXNativeTarget "WeatherTests" */;
			buildPhases = (
				CD021EB31CD48DCC009DF24D /* Sources */,
				CD021EB41CD48DCC009DF24D /* Frameworks */,
				CD021EB51CD48DCC009DF24D /* Resources */,
			);
			buildRules = (
			);
			dependencies = (
				CD021EB91CD48DCC009DF24D /* PBXTargetDependency */,
			);
			name = WeatherTests;
			productName = WeatherTests;
			productReference = CD021EB71CD48DCC009DF24D /* WeatherTests.xctest */;
			productType = "com.apple.product-type.bundle.unit-test";
		};
		CD021EC11CD48DCC009DF24D /* WeatherUITests */ = {
			isa = PBXNativeTarget;
			buildConfigurationList = CD021ED11CD48DCC009DF24D /* Build configuration list for PBXNativeTarget "WeatherUITests" */;
			buildPhases = (
				CD021EBE1CD48DCC009DF24D /* Sources */,
				CD021EBF1CD48DCC009DF24D /* Frameworks */,
				CD021EC01CD48DCC009DF24D /* Resources */,
			);
			buildRules = (
			);
			dependencies = (
				CD021EC41CD48DCC009DF24D /* PBXTargetDependency */,
			);
			name = WeatherUITests;
			productName = WeatherUITests;
			productReference = CD021EC21CD48DCC009DF24D /* WeatherUITests.xctest */;
			productType = "com.apple.product-type.bundle.ui-testing";
		};
/* End PBXNativeTarget section */

/* Begin PBXProject section */
		CD021E9B1CD48DCB009DF24D /* Project object */ = {
			isa = PBXProject;
			attributes = {
				LastSwiftUpdateCheck = 0730;
				LastUpgradeCheck = 0730;
				ORGANIZATIONNAME = Tanisha;
				TargetAttributes = {
					CD021EA21CD48DCB009DF24D = {
						CreatedOnToolsVersion = 7.3;
					};
					CD021EB61CD48DCC009DF24D = {
						CreatedOnToolsVersion = 7.3;
						TestTargetID = CD021EA21CD48DCB009DF24D;
					};
					CD021EC11CD48DCC009DF24D = {
						CreatedOnToolsVersion = 7.3;
						TestTargetID = CD021EA21CD48DCB009DF24D;
					};
				};
			};
			buildConfigurationList = CD021E9E1CD48DCB009DF24D /* Build configuration list for PBXProject "Weather" */;
			compatibilityVersion = "Xcode 3.2";
			developmentRegion = English;
			hasScannedForEncodings = 0;
			knownRegions = (
				en,
				Base,
			);
			mainGroup = CD021E9A1CD48DCB009DF24D;
			productRefGroup = CD021EA41CD48DCB009DF24D /* Products */;
			projectDirPath = "";
			projectRoot = "";
			targets = (
				CD021EA21CD48DCB009DF24D /* Weather */,
				CD021EB61CD48DCC009DF24D /* WeatherTests */,
				CD021EC11CD48DCC009DF24D /* WeatherUITests */,
			);
		};
/* End PBXProject section */

/* Begin PBXResourcesBuildPhase section */
		CD021EA11CD48DCB009DF24D /* Resources */ = {
			isa = PBXResourcesBuildPhase;
			buildActionMask = 2147483647;
			files = (
				CD021EB11CD48DCB009DF24D /* LaunchScreen.storyboard in Resources */,
				CD021EAE1CD48DCB009DF24D /* Assets.xcassets in Resources */,
				CD021EAC1CD48DCB009DF24D /* Main.storyboard in Resources */,
			);
			runOnlyForDeploymentPostprocessing = 0;
		};
		CD021EB51CD48DCC009DF24D /* Resources */ = {
			isa = PBXResourcesBuildPhase;
			buildActionMask = 2147483647;
			files = (
			);
			runOnlyForDeploymentPostprocessing = 0;
		};
		CD021EC01CD48DCC009DF24D /* Resources */ = {
			isa = PBXResourcesBuildPhase;
			buildActionMask = 2147483647;
			files = (
			);
			runOnlyForDeploymentPostprocessing = 0;
		};
/* End PBXResourcesBuildPhase section */

/* Begin PBXSourcesBuildPhase section */
		CD021E9F1CD48DCB009DF24D /* Sources */ = {
			isa = PBXSourcesBuildPhase;
			buildActionMask = 2147483647;
			files = (
				CD021ED91CD4B2FB009DF24D /* weatherTableViewController.swift in Sources */,
				CD021EA91CD48DCB009DF24D /* ViewController.swift in Sources */,
				CD021EA71CD48DCB009DF24D /* AppDelegate.swift in Sources */,
				CD021ED71CD4B09A009DF24D /* weatherTableViewCell.swift in Sources */,
			);
			runOnlyForDeploymentPostprocessing = 0;
		};
		CD021EB31CD48DCC009DF24D /* Sources */ = {
			isa = PBXSourcesBuildPhase;
			buildActionMask = 2147483647;
			files = (
				CD021EBC1CD48DCC009DF24D /* WeatherTests.swift in Sources */,
			);
			runOnlyForDeploymentPostprocessing = 0;
		};
		CD021EBE1CD48DCC009DF24D /* Sources */ = {
			isa = PBXSourcesBuildPhase;
			buildActionMask = 2147483647;
			files = (
				CD021EC71CD48DCC009DF24D /* WeatherUITests.swift in Sources */,
			);
			runOnlyForDeploymentPostprocessing = 0;
		};
/* End PBXSourcesBuildPhase section */

/* Begin PBXTargetDependency section */
		CD021EB91CD48DCC009DF24D /* PBXTargetDependency */ = {
			isa = PBXTargetDependency;
			target = CD021EA21CD48DCB009DF24D /* Weather */;
			targetProxy = CD021EB81CD48DCC009DF24D /* PBXContainerItemProxy */;
		};
		CD021EC41CD48DCC009DF24D /* PBXTargetDependency */ = {
			isa = PBXTargetDependency;
			target = CD021EA21CD48DCB009DF24D /* Weather */;
			targetProxy = CD021EC31CD48DCC009DF24D /* PBXContainerItemProxy */;
		};
/* End PBXTargetDependency section */

/* Begin PBXVariantGroup section */
		CD021EAA1CD48DCB009DF24D /* Main.storyboard */ = {
			isa = PBXVariantGroup;
			children = (
				CD021EAB1CD48DCB009DF24D /* Base */,
			);
			name = Main.storyboard;
			sourceTree = "<group>";
		};
		CD021EAF1CD48DCB009DF24D /* LaunchScreen.storyboard */ = {
			isa = PBXVariantGroup;
			children = (
				CD021EB01CD48DCB009DF24D /* Base */,
			);
			name = LaunchScreen.storyboard;
			sourceTree = "<group>";
		};
/* End PBXVariantGroup section */

/* Begin XCBuildConfiguration section */
		CD021EC91CD48DCC009DF24D /* Debug */ = {
			isa = XCBuildConfiguration;
			buildSettings = {
				ALWAYS_SEARCH_USER_PATHS = NO;
				CLANG_ANALYZER_NONNULL = YES;
				CLANG_CXX_LANGUAGE_STANDARD = "gnu++0x";
				CLANG_CXX_LIBRARY = "libc++";
				CLANG_ENABLE_MODULES = YES;
				CLANG_ENABLE_OBJC_ARC = YES;
				CLANG_WARN_BOOL_CONVERSION = YES;
				CLANG_WARN_CONSTANT_CONVERSION = YES;
				CLANG_WARN_DIRECT_OBJC_ISA_USAGE = YES_ERROR;
				CLANG_WARN_EMPTY_BODY = YES;
				CLANG_WARN_ENUM_CONVERSION = YES;
				CLANG_WARN_INT_CONVERSION = YES;
				CLANG_WARN_OBJC_ROOT_CLASS = YES_ERROR;
				CLANG_WARN_UNREACHABLE_CODE = YES;
				CLANG_WARN__DUPLICATE_METHOD_MATCH = YES;
				"CODE_SIGN_IDENTITY[sdk=iphoneos*]" = "iPhone Developer";
				COPY_PHASE_STRIP = NO;
				DEBUG_INFORMATION_FORMAT = dwarf;
				ENABLE_STRICT_OBJC_MSGSEND = YES;
				ENABLE_TESTABILITY = YES;
				GCC_C_LANGUAGE_STANDARD = gnu99;
				GCC_DYNAMIC_NO_PIC = NO;
				GCC_NO_COMMON_BLOCKS = YES;
				GCC_OPTIMIZATION_LEVEL = 0;
				GCC_PREPROCESSOR_DEFINITIONS = (
					"DEBUG=1",
					"$(inherited)",
				);
				GCC_WARN_64_TO_32_BIT_CONVERSION = YES;
				GCC_WARN_ABOUT_RETURN_TYPE = YES_ERROR;
				GCC_WARN_UNDECLARED_SELECTOR = YES;
				GCC_WARN_UNINITIALIZED_AUTOS = YES_AGGRESSIVE;
				GCC_WARN_UNUSED_FUNCTION = YES;
				GCC_WARN_UNUSED_VARIABLE = YES;
				IPHONEOS_DEPLOYMENT_TARGET = 9.3;
				MTL_ENABLE_DEBUG_INFO = YES;
				ONLY_ACTIVE_ARCH = YES;
				SDKROOT = iphoneos;
				SWIFT_OPTIMIZATION_LEVEL = "-Onone";
			};
			name = Debug;
		};
		CD021ECA1CD48DCC009DF24D /* Release */ = {
			isa = XCBuildConfiguration;
			buildSettings = {
				ALWAYS_SEARCH_USER_PATHS = NO;
				CLANG_ANALYZER_NONNULL = YES;
				CLANG_CXX_LANGUAGE_STANDARD = "gnu++0x";
				CLANG_CXX_LIBRARY = "libc++";
				CLANG_ENABLE_MODULES = YES;
				CLANG_ENABLE_OBJC_ARC = YES;
				CLANG_WARN_BOOL_CONVERSION = YES;
				CLANG_WARN_CONSTANT_CONVERSION = YES;
				CLANG_WARN_DIRECT_OBJC_ISA_USAGE = YES_ERROR;
				CLANG_WARN_EMPTY_BODY = YES;
				CLANG_WARN_ENUM_CONVERSION = YES;
				CLANG_WARN_INT_CONVERSION = YES;
				CLANG_WARN_OBJC_ROOT_CLASS = YES_ERROR;
				CLANG_WARN_UNREACHABLE_CODE = YES;
				CLANG_WARN__DUPLICATE_METHOD_MATCH = YES;
				"CODE_SIGN_IDENTITY[sdk=iphoneos*]" = "iPhone Developer";
				COPY_PHASE_STRIP = NO;
				DEBUG_INFORMATION_FORMAT = "dwarf-with-dsym";
				ENABLE_NS_ASSERTIONS = NO;
				ENABLE_STRICT_OBJC_MSGSEND = YES;
				GCC_C_LANGUAGE_STANDARD = gnu99;
				GCC_NO_COMMON_BLOCKS = YES;
				GCC_WARN_64_TO_32_BIT_CONVERSION = YES;
				GCC_WARN_ABOUT_RETURN_TYPE = YES_ERROR;
				GCC_WARN_UNDECLARED_SELECTOR = YES;
				GCC_WARN_UNINITIALIZED_AUTOS = YES_AGGRESSIVE;
				GCC_WARN_UNUSED_FUNCTION = YES;
				GCC_WARN_UNUSED_VARIABLE = YES;
				IPHONEOS_DEPLOYMENT_TARGET = 9.3;
				MTL_ENABLE_DEBUG_INFO = NO;
				SDKROOT = iphoneos;
				VALIDATE_PRODUCT = YES;
			};
			name = Release;
		};
		CD021ECC1CD48DCC009DF24D /* Debug */ = {
			isa = XCBuildConfiguration;
			buildSettings = {
				ASSETCATALOG_COMPILER_APPICON_NAME = AppIcon;
				CODE_SIGN_IDENTITY = "iPhone Distribution: JumpByte (MB7HPYF6GH)";
				INFOPLIST_FILE = Weather/Info.plist;
				LD_RUNPATH_SEARCH_PATHS = "$(inherited) @executable_path/Frameworks";
				PRODUCT_BUNDLE_IDENTIFIER = com.Tanisha.Weather;
				PRODUCT_NAME = "$(TARGET_NAME)";
				PROVISIONING_PROFILE = "c4b55bb0-fb03-444c-9624-8045218ad724";
				TARGETED_DEVICE_FAMILY = "1,2";
			};
			name = Debug;
		};
		CD021ECD1CD48DCC009DF24D /* Release */ = {
			isa = XCBuildConfiguration;
			buildSettings = {
				ASSETCATALOG_COMPILER_APPICON_NAME = AppIcon;
				CODE_SIGN_IDENTITY = "iPhone Distribution: JumpByte (MB7HPYF6GH)";
				INFOPLIST_FILE = Weather/Info.plist;
				LD_RUNPATH_SEARCH_PATHS = "$(inherited) @executable_path/Frameworks";
				PRODUCT_BUNDLE_IDENTIFIER = com.Tanisha.Weather;
				PRODUCT_NAME = "$(TARGET_NAME)";
				PROVISIONING_PROFILE = "c4b55bb0-fb03-444c-9624-8045218ad724";
				TARGETED_DEVICE_FAMILY = "1,2";
			};
			name = Release;
		};
		CD021ECF1CD48DCC009DF24D /* Debug */ = {
			isa = XCBuildConfiguration;
			buildSettings = {
				BUNDLE_LOADER = "$(TEST_HOST)";
				INFOPLIST_FILE = WeatherTests/Info.plist;
				LD_RUNPATH_SEARCH_PATHS = "$(inherited) @executable_path/Frameworks @loader_path/Frameworks";
				PRODUCT_BUNDLE_IDENTIFIER = com.Tanisha.WeatherTests;
				PRODUCT_NAME = "$(TARGET_NAME)";
				TEST_HOST = "$(BUILT_PRODUCTS_DIR)/Weather.app/Weather";
			};
			name = Debug;
		};
		CD021ED01CD48DCC009DF24D /* Release */ = {
			isa = XCBuildConfiguration;
			buildSettings = {
				BUNDLE_LOADER = "$(TEST_HOST)";
				INFOPLIST_FILE = WeatherTests/Info.plist;
				LD_RUNPATH_SEARCH_PATHS = "$(inherited) @executable_path/Frameworks @loader_path/Frameworks";
				PRODUCT_BUNDLE_IDENTIFIER = com.Tanisha.WeatherTests;
				PRODUCT_NAME = "$(TARGET_NAME)";
				TEST_HOST = "$(BUILT_PRODUCTS_DIR)/Weather.app/Weather";
			};
			name = Release;
		};
		CD021ED21CD48DCC009DF24D /* Debug */ = {
			isa = XCBuildConfiguration;
			buildSettings = {
				INFOPLIST_FILE = WeatherUITests/Info.plist;
				LD_RUNPATH_SEARCH_PATHS = "$(inherited) @executable_path/Frameworks @loader_path/Frameworks";
				PRODUCT_BUNDLE_IDENTIFIER = com.Tanisha.WeatherUITests;
				PRODUCT_NAME = "$(TARGET_NAME)";
				TEST_TARGET_NAME = Weather;
			};
			name = Debug;
		};
		CD021ED31CD48DCC009DF24D /* Release */ = {
			isa = XCBuildConfiguration;
			buildSettings = {
				INFOPLIST_FILE = WeatherUITests/Info.plist;
				LD_RUNPATH_SEARCH_PATHS = "$(inherited) @executable_path/Frameworks @loader_path/Frameworks";
				PRODUCT_BUNDLE_IDENTIFIER = com.Tanisha.WeatherUITests;
				PRODUCT_NAME = "$(TARGET_NAME)";
				TEST_TARGET_NAME = Weather;
			};
			name = Release;
		};
/* End XCBuildConfiguration section */

/* Begin XCConfigurationList section */
		CD021E9E1CD48DCB009DF24D /* Build configuration list for PBXProject "Weather" */ = {
			isa = XCConfigurationList;
			buildConfigurations = (
				CD021EC91CD48DCC009DF24D /* Debug */,
				CD021ECA1CD48DCC009DF24D /* Release */,
			);
			defaultConfigurationIsVisible = 0;
			defaultConfigurationName = Release;
		};
		CD021ECB1CD48DCC009DF24D /* Build configuration list for PBXNativeTarget "Weather" */ = {
			isa = XCConfigurationList;
			buildConfigurations = (
				CD021ECC1CD48DCC009DF24D /* Debug */,
				CD021ECD1CD48DCC009DF24D /* Release */,
			);
			defaultConfigurationIsVisible = 0;
			defaultConfigurationName = Release;
		};
		CD021ECE1CD48DCC009DF24D /* Build configuration list for PBXNativeTarget "WeatherTests" */ = {
			isa = XCConfigurationList;
			buildConfigurations = (
				CD021ECF1CD48DCC009DF24D /* Debug */,
				CD021ED01CD48DCC009DF24D /* Release */,
			);
			defaultConfigurationIsVisible = 0;
			defaultConfigurationName = Release;
		};
		CD021ED11CD48DCC009DF24D /* Build configuration list for PBXNativeTarget "WeatherUITests" */ = {
			isa = XCConfigurationList;
			buildConfigurations = (
				CD021ED21CD48DCC009DF24D /* Debug */,
				CD021ED31CD48DCC009DF24D /* Release */,
			);
			defaultConfigurationIsVisible = 0;
			defaultConfigurationName = Release;
		};
/* End XCConfigurationList section */
	};
	rootObject = CD021E9B1CD48DCB009DF24D /* Project object */;
}
